// !$*UTF8*$!
{
	archiveVersion = 1;
	classes = {
	};
	objectVersion = 50;
	objects = {

/* Begin PBXBuildFile section */
		682917712302CB9B00044A3A /* AppDelegate.swift in Sources */ = {isa = PBXBuildFile; fileRef = 682917702302CB9B00044A3A /* AppDelegate.swift */; };
		682917732302CB9B00044A3A /* FlickrSearchCollectionViewController.swift in Sources */ = {isa = PBXBuildFile; fileRef = 682917722302CB9B00044A3A /* FlickrSearchCollectionViewController.swift */; };
		682917762302CB9B00044A3A /* Main.storyboard in Resources */ = {isa = PBXBuildFile; fileRef = 682917742302CB9B00044A3A /* Main.storyboard */; };
		682917792302CB9B00044A3A /* FlickrDemoApp.xcdatamodeld in Sources */ = {isa = PBXBuildFile; fileRef = 682917772302CB9B00044A3A /* FlickrDemoApp.xcdatamodeld */; };
		6829177B2302CBA300044A3A /* Assets.xcassets in Resources */ = {isa = PBXBuildFile; fileRef = 6829177A2302CBA300044A3A /* Assets.xcassets */; };
		6829177E2302CBA300044A3A /* LaunchScreen.storyboard in Resources */ = {isa = PBXBuildFile; fileRef = 6829177C2302CBA300044A3A /* LaunchScreen.storyboard */; };
		682917862303094E00044A3A /* SearchData.swift in Sources */ = {isa = PBXBuildFile; fileRef = 682917852303094E00044A3A /* SearchData.swift */; };
		682917882303098300044A3A /* NetworkUtility.swift in Sources */ = {isa = PBXBuildFile; fileRef = 682917872303098300044A3A /* NetworkUtility.swift */; };
		6829178A230309A800044A3A /* FeedData.swift in Sources */ = {isa = PBXBuildFile; fileRef = 68291789230309A800044A3A /* FeedData.swift */; };
		6829178C23030B3C00044A3A /* PhotoCollectionViewCell.swift in Sources */ = {isa = PBXBuildFile; fileRef = 6829178B23030B3C00044A3A /* PhotoCollectionViewCell.swift */; };
		6829178E2303DEB700044A3A /* HomeViewController.swift in Sources */ = {isa = PBXBuildFile; fileRef = 6829178D2303DEB700044A3A /* HomeViewController.swift */; };
		6829179023064CEE00044A3A /* FlickrPhoto.swift in Sources */ = {isa = PBXBuildFile; fileRef = 6829178F23064CEE00044A3A /* FlickrPhoto.swift */; };
/* End PBXBuildFile section */

/* Begin PBXFileReference section */
		6829176D2302CB9A00044A3A /* FlickrDemoApp.app */ = {isa = PBXFileReference; explicitFileType = wrapper.application; includeInIndex = 0; path = FlickrDemoApp.app; sourceTree = BUILT_PRODUCTS_DIR; };
		682917702302CB9B00044A3A /* AppDelegate.swift */ = {isa = PBXFileReference; lastKnownFileType = sourcecode.swift; path = AppDelegate.swift; sourceTree = "<group>"; };
		682917722302CB9B00044A3A /* FlickrSearchCollectionViewController.swift */ = {isa = PBXFileReference; lastKnownFileType = sourcecode.swift; path = FlickrSearchCollectionViewController.swift; sourceTree = "<group>"; };
		682917752302CB9B00044A3A /* Base */ = {isa = PBXFileReference; lastKnownFileType = file.storyboard; name = Base; path = Base.lproj/Main.storyboard; sourceTree = "<group>"; };
		682917782302CB9B00044A3A /* FlickrDemoApp.xcdatamodel */ = {isa = PBXFileReference; lastKnownFileType = wrapper.xcdatamodel; path = FlickrDemoApp.xcdatamodel; sourceTree = "<group>"; };
		6829177A2302CBA300044A3A /* Assets.xcassets */ = {isa = PBXFileReference; lastKnownFileType = folder.assetcatalog; path = Assets.xcassets; sourceTree = "<group>"; };
		6829177D2302CBA300044A3A /* Base */ = {isa = PBXFileReference; lastKnownFileType = file.storyboard; name = Base; path = Base.lproj/LaunchScreen.storyboard; sourceTree = "<group>"; };
		6829177F2302CBA300044A3A /* Info.plist */ = {isa = PBXFileReference; lastKnownFileType = text.plist.xml; path = Info.plist; sourceTree = "<group>"; };
		682917852303094E00044A3A /* SearchData.swift */ = {isa = PBXFileReference; lastKnownFileType = sourcecode.swift; path = SearchData.swift; sourceTree = "<group>"; };
		682917872303098300044A3A /* NetworkUtility.swift */ = {isa = PBXFileReference; lastKnownFileType = sourcecode.swift; path = NetworkUtility.swift; sourceTree = "<group>"; };
		68291789230309A800044A3A /* FeedData.swift */ = {isa = PBXFileReference; lastKnownFileType = sourcecode.swift; path = FeedData.swift; sourceTree = "<group>"; };
		6829178B23030B3C00044A3A /* PhotoCollectionViewCell.swift */ = {isa = PBXFileReference; lastKnownFileType = sourcecode.swift; path = PhotoCollectionViewCell.swift; sourceTree = "<group>"; };
		6829178D2303DEB700044A3A /* HomeViewController.swift */ = {isa = PBXFileReference; lastKnownFileType = sourcecode.swift; path = HomeViewController.swift; sourceTree = "<group>"; };
		6829178F23064CEE00044A3A /* FlickrPhoto.swift */ = {isa = PBXFileReference; lastKnownFileType = sourcecode.swift; path = FlickrPhoto.swift; sourceTree = "<group>"; };
/* End PBXFileReference section */

/* Begin PBXFrameworksBuildPhase section */
		6829176A2302CB9A00044A3A /* Frameworks */ = {
			isa = PBXFrameworksBuildPhase;
			buildActionMask = 2147483647;
			files = (
			);
			runOnlyForDeploymentPostprocessing = 0;
		};
/* End PBXFrameworksBuildPhase section */

/* Begin PBXGroup section */
		682917642302CB9A00044A3A = {
			isa = PBXGroup;
			children = (
				6829176F2302CB9A00044A3A /* FlickrDemoApp */,
				6829176E2302CB9A00044A3A /* Products */,
			);
			sourceTree = "<group>";
		};
		6829176E2302CB9A00044A3A /* Products */ = {
			isa = PBXGroup;
			children = (
				6829176D2302CB9A00044A3A /* FlickrDemoApp.app */,
			);
			name = Products;
			sourceTree = "<group>";
		};
		6829176F2302CB9A00044A3A /* FlickrDemoApp */ = {
			isa = PBXGroup;
			children = (
				682917702302CB9B00044A3A /* AppDelegate.swift */,
				6829178D2303DEB700044A3A /* HomeViewController.swift */,
				682917722302CB9B00044A3A /* FlickrSearchCollectionViewController.swift */,
				682917742302CB9B00044A3A /* Main.storyboard */,
				6829177A2302CBA300044A3A /* Assets.xcassets */,
				6829177C2302CBA300044A3A /* LaunchScreen.storyboard */,
				6829177F2302CBA300044A3A /* Info.plist */,
				682917772302CB9B00044A3A /* FlickrDemoApp.xcdatamodeld */,
				682917852303094E00044A3A /* SearchData.swift */,
				682917872303098300044A3A /* NetworkUtility.swift */,
				6829178B23030B3C00044A3A /* PhotoCollectionViewCell.swift */,
				68291789230309A800044A3A /* FeedData.swift */,
				6829178F23064CEE00044A3A /* FlickrPhoto.swift */,
			);
			path = FlickrDemoApp;
			sourceTree = "<group>";
		};
/* End PBXGroup section */

/* Begin PBXNativeTarget section */
		6829176C2302CB9A00044A3A /* FlickrDemoApp */ = {
			isa = PBXNativeTarget;
			buildConfigurationList = 682917822302CBA300044A3A /* Build configuration list for PBXNativeTarget "FlickrDemoApp" */;
			buildPhases = (
				682917692302CB9A00044A3A /* Sources */,
				6829176A2302CB9A00044A3A /* Frameworks */,
				6829176B2302CB9A00044A3A /* Resources */,
			);
			buildRules = (
			);
			dependencies = (
			);
			name = FlickrDemoApp;
			productName = FlickrDemoApp;
			productReference = 6829176D2302CB9A00044A3A /* FlickrDemoApp.app */;
			productType = "com.apple.product-type.application";
		};
/* End PBXNativeTarget section */

/* Begin PBXProject section */
		682917652302CB9A00044A3A /* Project object */ = {
			isa = PBXProject;
			attributes = {
				LastSwiftUpdateCheck = 1020;
				LastUpgradeCheck = 1020;
				ORGANIZATIONNAME = weilun;
				TargetAttributes = {
					6829176C2302CB9A00044A3A = {
						CreatedOnToolsVersion = 10.2.1;
					};
				};
			};
			buildConfigurationList = 682917682302CB9A00044A3A /* Build configuration list for PBXProject "FlickrDemoApp" */;
			compatibilityVersion = "Xcode 9.3";
			developmentRegion = en;
			hasScannedForEncodings = 0;
			knownRegions = (
				en,
				Base,
			);
			mainGroup = 682917642302CB9A00044A3A;
			productRefGroup = 6829176E2302CB9A00044A3A /* Products */;
			projectDirPath = "";
			projectRoot = "";
			targets = (
				6829176C2302CB9A00044A3A /* FlickrDemoApp */,
			);
		};
/* End PBXProject section */

/* Begin PBXResourcesBuildPhase section */
		6829176B2302CB9A00044A3A /* Resources */ = {
			isa = PBXResourcesBuildPhase;
			buildActionMask = 2147483647;
			files = (
				6829177E2302CBA300044A3A /* LaunchScreen.storyboard in Resources */,
				6829177B2302CBA300044A3A /* Assets.xcassets in Resources */,
				682917762302CB9B00044A3A /* Main.storyboard in Resources */,
			);
			runOnlyForDeploymentPostprocessing = 0;
		};
/* End PBXResourcesBuildPhase section */

/* Begin PBXSourcesBuildPhase section */
		682917692302CB9A00044A3A /* Sources */ = {
			isa = PBXSourcesBuildPhase;
			buildActionMask = 2147483647;
			files = (
				682917732302CB9B00044A3A /* FlickrSearchCollectionViewController.swift in Sources */,
				682917792302CB9B00044A3A /* FlickrDemoApp.xcdatamodeld in Sources */,
				682917712302CB9B00044A3A /* AppDelegate.swift in Sources */,
				6829178E2303DEB700044A3A /* HomeViewController.swift in Sources */,
				6829179023064CEE00044A3A /* FlickrPhoto.swift in Sources */,
				6829178A230309A800044A3A /* FeedData.swift in Sources */,
				6829178C23030B3C00044A3A /* PhotoCollectionViewCell.swift in Sources */,
				682917862303094E00044A3A /* SearchData.swift in Sources */,
				682917882303098300044A3A /* NetworkUtility.swift in Sources */,
			);
			runOnlyForDeploymentPostprocessing = 0;
		};
/* End PBXSourcesBuildPhase section */

/* Begin PBXVariantGroup section */
		682917742302CB9B00044A3A /* Main.storyboard */ = {
			isa = PBXVariantGroup;
			children = (
				682917752302CB9B00044A3A /* Base */,
			);
			name = Main.storyboard;
			sourceTree = "<group>";
		};
		6829177C2302CBA300044A3A /* LaunchScreen.storyboard */ = {
			isa = PBXVariantGroup;
			children = (
				6829177D2302CBA300044A3A /* Base */,
			);
			name = LaunchScreen.storyboard;
			sourceTree = "<group>";
		};
/* End PBXVariantGroup section */

/* Begin XCBuildConfiguration section */
		682917802302CBA300044A3A /* Debug */ = {
			isa = XCBuildConfiguration;
			buildSettings = {
				ALWAYS_SEARCH_USER_PATHS = NO;
				CLANG_ANALYZER_NONNULL = YES;
				CLANG_ANALYZER_NUMBER_OBJECT_CONVERSION = YES_AGGRESSIVE;
				CLANG_CXX_LANGUAGE_STANDARD = "gnu++14";
				CLANG_CXX_LIBRARY = "libc++";
				CLANG_ENABLE_MODULES = YES;
				CLANG_ENABLE_OBJC_ARC = YES;
				CLANG_ENABLE_OBJC_WEAK = YES;
				CLANG_WARN_BLOCK_CAPTURE_AUTORELEASING = YES;
				CLANG_WARN_BOOL_CONVERSION = YES;
				CLANG_WARN_COMMA = YES;
				CLANG_WARN_CONSTANT_CONVERSION = YES;
				CLANG_WARN_DEPRECATED_OBJC_IMPLEMENTATIONS = YES;
				CLANG_WARN_DIRECT_OBJC_ISA_USAGE = YES_ERROR;
				CLANG_WARN_DOCUMENTATION_COMMENTS = YES;
				CLANG_WARN_EMPTY_BODY = YES;
				CLANG_WARN_ENUM_CONVERSION = YES;
				CLANG_WARN_INFINITE_RECURSION = YES;
				CLANG_WARN_INT_CONVERSION = YES;
				CLANG_WARN_NON_LITERAL_NULL_CONVERSION = YES;
				CLANG_WARN_OBJC_IMPLICIT_RETAIN_SELF = YES;
				CLANG_WARN_OBJC_LITERAL_CONVERSION = YES;
				CLANG_WARN_OBJC_ROOT_CLASS = YES_ERROR;
				CLANG_WARN_RANGE_LOOP_ANALYSIS = YES;
				CLANG_WARN_STRICT_PROTOTYPES = YES;
				CLANG_WARN_SUSPICIOUS_MOVE = YES;
				CLANG_WARN_UNGUARDED_AVAILABILITY = YES_AGGRESSIVE;
				CLANG_WARN_UNREACHABLE_CODE = YES;
				CLANG_WARN__DUPLICATE_METHOD_MATCH = YES;
				CODE_SIGN_IDENTITY = "iPhone Developer";
				COPY_PHASE_STRIP = NO;
				DEBUG_INFORMATION_FORMAT = dwarf;
				ENABLE_STRICT_OBJC_MSGSEND = YES;
				ENABLE_TESTABILITY = YES;
				GCC_C_LANGUAGE_STANDARD = gnu11;
				GCC_DYNAMIC_NO_PIC = NO;
				GCC_NO_COMMON_BLOCKS = YES;
				GCC_OPTIMIZATION_LEVEL = 0;
				GCC_PREPROCESSOR_DEFINITIONS = (
					"DEBUG=1",
					"$(inherited)",
				);
				GCC_WARN_64_TO_32_BIT_CONVERSION = YES;
				GCC_WARN_ABOUT_RETURN_TYPE = YES_ERROR;
				GCC_WARN_UNDECLARED_SELECTOR = YES;
				GCC_WARN_UNINITIALIZED_AUTOS = YES_AGGRESSIVE;
				GCC_WARN_UNUSED_FUNCTION = YES;
				GCC_WARN_UNUSED_VARIABLE = YES;
				IPHONEOS_DEPLOYMENT_TARGET = 12.2;
				MTL_ENABLE_DEBUG_INFO = INCLUDE_SOURCE;
				MTL_FAST_MATH = YES;
				ONLY_ACTIVE_ARCH = YES;
				SDKROOT = iphoneos;
				SWIFT_ACTIVE_COMPILATION_CONDITIONS = DEBUG;
				SWIFT_OPTIMIZATION_LEVEL = "-Onone";
			};
			name = Debug;
		};
		682917812302CBA300044A3A /* Release */ = {
			isa = XCBuildConfiguration;
			buildSettings = {
				ALWAYS_SEARCH_USER_PATHS = NO;
				CLANG_ANALYZER_NONNULL = YES;
				CLANG_ANALYZER_NUMBER_OBJECT_CONVERSION = YES_AGGRESSIVE;
				CLANG_CXX_LANGUAGE_STANDARD = "gnu++14";
				CLANG_CXX_LIBRARY = "libc++";
				CLANG_ENABLE_MODULES = YES;
				CLANG_ENABLE_OBJC_ARC = YES;
				CLANG_ENABLE_OBJC_WEAK = YES;
				CLANG_WARN_BLOCK_CAPTURE_AUTORELEASING = YES;
				CLANG_WARN_BOOL_CONVERSION = YES;
				CLANG_WARN_COMMA = YES;
				CLANG_WARN_CONSTANT_CONVERSION = YES;
				CLANG_WARN_DEPRECATED_OBJC_IMPLEMENTATIONS = YES;
				CLANG_WARN_DIRECT_OBJC_ISA_USAGE = YES_ERROR;
				CLANG_WARN_DOCUMENTATION_COMMENTS = YES;
				CLANG_WARN_EMPTY_BODY = YES;
				CLANG_WARN_ENUM_CONVERSION = YES;
				CLANG_WARN_INFINITE_RECURSION = YES;
				CLANG_WARN_INT_CONVERSION = YES;
				CLANG_WARN_NON_LITERAL_NULL_CONVERSION = YES;
				CLANG_WARN_OBJC_IMPLICIT_RETAIN_SELF = YES;
				CLANG_WARN_OBJC_LITERAL_CONVERSION = YES;
				CLANG_WARN_OBJC_ROOT_CLASS = YES_ERROR;
				CLANG_WARN_RANGE_LOOP_ANALYSIS = YES;
				CLANG_WARN_STRICT_PROTOTYPES = YES;
				CLANG_WARN_SUSPICIOUS_MOVE = YES;
				CLANG_WARN_UNGUARDED_AVAILABILITY = YES_AGGRESSIVE;
				CLANG_WARN_UNREACHABLE_CODE = YES;
				CLANG_WARN__DUPLICATE_METHOD_MATCH = YES;
				CODE_SIGN_IDENTITY = "iPhone Developer";
				COPY_PHASE_STRIP = NO;
				DEBUG_INFORMATION_FORMAT = "dwarf-with-dsym";
				ENABLE_NS_ASSERTIONS = NO;
				ENABLE_STRICT_OBJC_MSGSEND = YES;
				GCC_C_LANGUAGE_STANDARD = gnu11;
				GCC_NO_COMMON_BLOCKS = YES;
				GCC_WARN_64_TO_32_BIT_CONVERSION = YES;
				GCC_WARN_ABOUT_RETURN_TYPE = YES_ERROR;
				GCC_WARN_UNDECLARED_SELECTOR = YES;
				GCC_WARN_UNINITIALIZED_AUTOS = YES_AGGRESSIVE;
				GCC_WARN_UNUSED_FUNCTION = YES;
				GCC_WARN_UNUSED_VARIABLE = YES;
				IPHONEOS_DEPLOYMENT_TARGET = 12.2;
				MTL_ENABLE_DEBUG_INFO = NO;
				MTL_FAST_MATH = YES;
				SDKROOT = iphoneos;
				SWIFT_COMPILATION_MODE = wholemodule;
				SWIFT_OPTIMIZATION_LEVEL = "-O";
				VALIDATE_PRODUCT = YES;
			};
			name = Release;
		};
		682917832302CBA300044A3A /* Debug */ = {
			isa = XCBuildConfiguration;
			buildSettings = {
				ASSETCATALOG_COMPILER_APPICON_NAME = AppIcon;
				CODE_SIGN_STYLE = Automatic;
				INFOPLIST_FILE = FlickrDemoApp/Info.plist;
				LD_RUNPATH_SEARCH_PATHS = (
					"$(inherited)",
					"@executable_path/Frameworks",
				);
				PRODUCT_BUNDLE_IDENTIFIER = apptrain.FlickrDemoApp;
				PRODUCT_NAME = "$(TARGET_NAME)";
				SWIFT_VERSION = 5.0;
				TARGETED_DEVICE_FAMILY = "1,2";
			};
			name = Debug;
		};
		682917842302CBA300044A3A /* Release */ = {
			isa = XCBuildConfiguration;
			buildSettings = {
				ASSETCATALOG_COMPILER_APPICON_NAME = AppIcon;
				CODE_SIGN_STYLE = Automatic;
				INFOPLIST_FILE = FlickrDemoApp/Info.plist;
				LD_RUNPATH_SEARCH_PATHS = (
					"$(inherited)",
					"@executable_path/Frameworks",
				);
				PRODUCT_BUNDLE_IDENTIFIER = apptrain.FlickrDemoApp;
				PRODUCT_NAME = "$(TARGET_NAME)";
				SWIFT_VERSION = 5.0;
				TARGETED_DEVICE_FAMILY = "1,2";
			};
			name = Release;
		};
/* End XCBuildConfiguration section */

/* Begin XCConfigurationList section */
		682917682302CB9A00044A3A /* Build configuration list for PBXProject "FlickrDemoApp" */ = {
			isa = XCConfigurationList;
			buildConfigurations = (
				682917802302CBA300044A3A /* Debug */,
				682917812302CBA300044A3A /* Release */,
			);
			defaultConfigurationIsVisible = 0;
			defaultConfigurationName = Release;
		};
		682917822302CBA300044A3A /* Build configuration list for PBXNativeTarget "FlickrDemoApp" */ = {
			isa = XCConfigurationList;
			buildConfigurations = (
				682917832302CBA300044A3A /* Debug */,
				682917842302CBA300044A3A /* Release */,
			);
			defaultConfigurationIsVisible = 0;
			defaultConfigurationName = Release;
		};
/* End XCConfigurationList section */

/* Begin XCVersionGroup section */
		682917772302CB9B00044A3A /* FlickrDemoApp.xcdatamodeld */ = {
			isa = XCVersionGroup;
			children = (
				682917782302CB9B00044A3A /* FlickrDemoApp.xcdatamodel */,
			);
			currentVersion = 682917782302CB9B00044A3A /* FlickrDemoApp.xcdatamodel */;
			path = FlickrDemoApp.xcdatamodeld;
			sourceTree = "<group>";
			versionGroupType = wrapper.xcdatamodel;
		};
/* End XCVersionGroup section */
	};
	rootObject = 682917652302CB9A00044A3A /* Project object */;
}
